
Microsoft Visual Studio Solution File, Format Version 12.00
# Visual Studio Version 16
VisualStudioVersion = 16.0.30413.136
MinimumVisualStudioVersion = 10.0.40219.1
Project("{FAE04EC0-301F-11D3-BF4B-00C04F79EFBC}") = "SanfordMIS4200", "SanfordMIS4200.csproj", "{D4BB3024-6206-41B8-946F-2AC5482A84A9}"
EndProject
Global
	GlobalSection(SolutionConfigurationPlatforms) = preSolution
		Debug|Any CPU = Debug|Any CPU
		Release|Any CPU = Release|Any CPU
	EndGlobalSection
	GlobalSection(ProjectConfigurationPlatforms) = postSolution
		{D4BB3024-6206-41B8-946F-2AC5482A84A9}.Debug|Any CPU.ActiveCfg = Debug|Any CPU
		{D4BB3024-6206-41B8-946F-2AC5482A84A9}.Debug|Any CPU.Build.0 = Debug|Any CPU
		{D4BB3024-6206-41B8-946F-2AC5482A84A9}.Release|Any CPU.ActiveCfg = Release|Any CPU
		{D4BB3024-6206-41B8-946F-2AC5482A84A9}.Release|Any CPU.Build.0 = Release|Any CPU
	EndGlobalSection
	GlobalSection(SolutionProperties) = preSolution
		HideSolutionNode = FALSE
	EndGlobalSection
	GlobalSection(ExtensibilityGlobals) = postSolution
		SolutionGuid = {4B7A64DD-4384-4918-A0CB-3E2A984F2B6B}
	EndGlobalSection
EndGlobal
